
Microsoft Visual Studio Solution File, Format Version 12.00
# Visual Studio Version 16
VisualStudioVersion = 16.0.29613.14
MinimumVisualStudioVersion = 10.0.40219.1
Project("{FAE04EC0-301F-11D3-BF4B-00C04F79EFBC}") = "ClipFileWatcher", "ClipFileWatcher\ClipFileWatcher.csproj", "{0289CE2A-07A5-43AF-B488-169C6ED7711C}"
EndProject
Global
	GlobalSection(SolutionConfigurationPlatforms) = preSolution
		Debug|Any CPU = Debug|Any CPU
		Release|Any CPU = Release|Any CPU
	EndGlobalSection
	GlobalSection(ProjectConfigurationPlatforms) = postSolution
		{0289CE2A-07A5-43AF-B488-169C6ED7711C}.Debug|Any CPU.ActiveCfg = Debug|Any CPU
		{0289CE2A-07A5-43AF-B488-169C6ED7711C}.Debug|Any CPU.Build.0 = Debug|Any CPU
		{0289CE2A-07A5-43AF-B488-169C6ED7711C}.Release|Any CPU.ActiveCfg = Release|Any CPU
		{0289CE2A-07A5-43AF-B488-169C6ED7711C}.Release|Any CPU.Build.0 = Release|Any CPU
	EndGlobalSection
	GlobalSection(SolutionProperties) = preSolution
		HideSolutionNode = FALSE
	EndGlobalSection
	GlobalSection(ExtensibilityGlobals) = postSolution
		SolutionGuid = {7AF11498-856E-4027-A5D3-E03EEA101ADB}
	EndGlobalSection
EndGlobal
